
Microsoft Visual Studio Solution File, Format Version 12.00
# Visual Studio Version 17
VisualStudioVersion = 17.5.33414.496
MinimumVisualStudioVersion = 10.0.40219.1
Project("{9A19103F-16F7-4668-BE54-9A1E7A4F7556}") = "DrVegapunk.Bot", "Bot\DrVegapunk.Bot.csproj", "{EFB90861-8F0F-4374-9ADD-CD2EB75DDA14}"
EndProject
Project("{9A19103F-16F7-4668-BE54-9A1E7A4F7556}") = "DrVegapunk.Web", "Web\DrVegapunk.Web.csproj", "{E4FD2E6F-7349-45EB-AD49-232A18CFEE39}"
EndProject
Global
	GlobalSection(SolutionConfigurationPlatforms) = preSolution
		Debug|Any CPU = Debug|Any CPU
		Release|Any CPU = Release|Any CPU
	EndGlobalSection
	GlobalSection(ProjectConfigurationPlatforms) = postSolution
		{EFB90861-8F0F-4374-9ADD-CD2EB75DDA14}.Debug|Any CPU.ActiveCfg = Debug|Any CPU
		{EFB90861-8F0F-4374-9ADD-CD2EB75DDA14}.Debug|Any CPU.Build.0 = Debug|Any CPU
		{EFB90861-8F0F-4374-9ADD-CD2EB75DDA14}.Release|Any CPU.ActiveCfg = Release|Any CPU
		{EFB90861-8F0F-4374-9ADD-CD2EB75DDA14}.Release|Any CPU.Build.0 = Release|Any CPU
		{E4FD2E6F-7349-45EB-AD49-232A18CFEE39}.Debug|Any CPU.ActiveCfg = Debug|Any CPU
		{E4FD2E6F-7349-45EB-AD49-232A18CFEE39}.Debug|Any CPU.Build.0 = Debug|Any CPU
		{E4FD2E6F-7349-45EB-AD49-232A18CFEE39}.Release|Any CPU.ActiveCfg = Release|Any CPU
		{E4FD2E6F-7349-45EB-AD49-232A18CFEE39}.Release|Any CPU.Build.0 = Release|Any CPU
	EndGlobalSection
	GlobalSection(SolutionProperties) = preSolution
		HideSolutionNode = FALSE
	EndGlobalSection
	GlobalSection(ExtensibilityGlobals) = postSolution
		SolutionGuid = {0A411335-4D91-4A8E-8205-BB4B893ECA40}
	EndGlobalSection
EndGlobal
